
Microsoft Visual Studio Solution File, Format Version 12.00
# Visual Studio Version 17
VisualStudioVersion = 17.8.34701.33
MinimumVisualStudioVersion = 10.0.40219.1
Project("{FAE04EC0-301F-11D3-BF4B-00C04F79EFBC}") = "JewelryStoreManagement", "JewelryStoreManagement\JewelryStoreManagement.csproj", "{1929A5AB-1151-4C5C-8EC8-5882B238B441}"
EndProject
Project("{FAE04EC0-301F-11D3-BF4B-00C04F79EFBC}") = "JSMRepositories", "JSMRepositories\JSMRepositories.csproj", "{061ACE97-4A22-4FFB-80CE-91BB15BBEBC4}"
EndProject
Project("{FAE04EC0-301F-11D3-BF4B-00C04F79EFBC}") = "JSMServices", "JSMServices\JSMServices.csproj", "{FBDCC83B-A74C-4AA6-95DF-01E95668610E}"
EndProject
Project("{FAE04EC0-301F-11D3-BF4B-00C04F79EFBC}") = "DataLayer", "DataLayer\DataLayer.csproj", "{A88DC0FF-D6C0-44A9-9E22-DBAD23DDFA6E}"
EndProject
Global
	GlobalSection(SolutionConfigurationPlatforms) = preSolution
		Debug|Any CPU = Debug|Any CPU
		Release|Any CPU = Release|Any CPU
	EndGlobalSection
	GlobalSection(ProjectConfigurationPlatforms) = postSolution
		{1929A5AB-1151-4C5C-8EC8-5882B238B441}.Debug|Any CPU.ActiveCfg = Debug|Any CPU
		{1929A5AB-1151-4C5C-8EC8-5882B238B441}.Debug|Any CPU.Build.0 = Debug|Any CPU
		{1929A5AB-1151-4C5C-8EC8-5882B238B441}.Release|Any CPU.ActiveCfg = Release|Any CPU
		{1929A5AB-1151-4C5C-8EC8-5882B238B441}.Release|Any CPU.Build.0 = Release|Any CPU
		{061ACE97-4A22-4FFB-80CE-91BB15BBEBC4}.Debug|Any CPU.ActiveCfg = Debug|Any CPU
		{061ACE97-4A22-4FFB-80CE-91BB15BBEBC4}.Debug|Any CPU.Build.0 = Debug|Any CPU
		{061ACE97-4A22-4FFB-80CE-91BB15BBEBC4}.Release|Any CPU.ActiveCfg = Release|Any CPU
		{061ACE97-4A22-4FFB-80CE-91BB15BBEBC4}.Release|Any CPU.Build.0 = Release|Any CPU
		{FBDCC83B-A74C-4AA6-95DF-01E95668610E}.Debug|Any CPU.ActiveCfg = Debug|Any CPU
		{FBDCC83B-A74C-4AA6-95DF-01E95668610E}.Debug|Any CPU.Build.0 = Debug|Any CPU
		{FBDCC83B-A74C-4AA6-95DF-01E95668610E}.Release|Any CPU.ActiveCfg = Release|Any CPU
		{FBDCC83B-A74C-4AA6-95DF-01E95668610E}.Release|Any CPU.Build.0 = Release|Any CPU
		{A88DC0FF-D6C0-44A9-9E22-DBAD23DDFA6E}.Debug|Any CPU.ActiveCfg = Debug|Any CPU
		{A88DC0FF-D6C0-44A9-9E22-DBAD23DDFA6E}.Debug|Any CPU.Build.0 = Debug|Any CPU
		{A88DC0FF-D6C0-44A9-9E22-DBAD23DDFA6E}.Release|Any CPU.ActiveCfg = Release|Any CPU
		{A88DC0FF-D6C0-44A9-9E22-DBAD23DDFA6E}.Release|Any CPU.Build.0 = Release|Any CPU
	EndGlobalSection
	GlobalSection(SolutionProperties) = preSolution
		HideSolutionNode = FALSE
	EndGlobalSection
	GlobalSection(ExtensibilityGlobals) = postSolution
		SolutionGuid = {E44B1BAD-11C9-405B-AA45-E1EC7340F311}
	EndGlobalSection
EndGlobal
